
Microsoft Visual Studio Solution File, Format Version 12.00
# Visual Studio Version 17
VisualStudioVersion = 17.13.35825.156
MinimumVisualStudioVersion = 10.0.40219.1
Project("{9A19103F-16F7-4668-BE54-9A1E7A4F7556}") = "ExcelReader", "ExcelReader\ExcelReader.csproj", "{DEFABD58-D4AC-4B5B-A076-E94C29410D64}"
EndProject
Project("{2150E333-8FDC-42A3-9474-1A3956D46DE8}") = "Elementos de la solución", "Elementos de la solución", "{0D632C0B-51DF-4FF8-A6E6-FD9C4436753E}"
	ProjectSection(SolutionItems) = preProject
		Readme.txt = Readme.txt
	EndProjectSection
EndProject
Global
	GlobalSection(SolutionConfigurationPlatforms) = preSolution
		Debug|Any CPU = Debug|Any CPU
		Release|Any CPU = Release|Any CPU
	EndGlobalSection
	GlobalSection(ProjectConfigurationPlatforms) = postSolution
		{DEFABD58-D4AC-4B5B-A076-E94C29410D64}.Debug|Any CPU.ActiveCfg = Debug|Any CPU
		{DEFABD58-D4AC-4B5B-A076-E94C29410D64}.Debug|Any CPU.Build.0 = Debug|Any CPU
		{DEFABD58-D4AC-4B5B-A076-E94C29410D64}.Release|Any CPU.ActiveCfg = Release|Any CPU
		{DEFABD58-D4AC-4B5B-A076-E94C29410D64}.Release|Any CPU.Build.0 = Release|Any CPU
	EndGlobalSection
	GlobalSection(SolutionProperties) = preSolution
		HideSolutionNode = FALSE
	EndGlobalSection
	GlobalSection(ExtensibilityGlobals) = postSolution
		SolutionGuid = {F7A95E80-86D7-44FE-AF3B-88DF729AAE7A}
	EndGlobalSection
EndGlobal
